
Microsoft Visual Studio Solution File, Format Version 12.00
# Visual Studio Version 17
VisualStudioVersion = 17.14.36414.22 d17.14
MinimumVisualStudioVersion = 10.0.40219.1
Project("{FAE04EC0-301F-11D3-BF4B-00C04F79EFBC}") = "WindowsFormsApp4", "WindowsFormsApp4\WindowsFormsApp4.csproj", "{190EB343-BC48-4869-BACB-CFD0AC65AEB1}"
EndProject
Global
	GlobalSection(SolutionConfigurationPlatforms) = preSolution
		Debug|Any CPU = Debug|Any CPU
		Release|Any CPU = Release|Any CPU
	EndGlobalSection
	GlobalSection(ProjectConfigurationPlatforms) = postSolution
		{190EB343-BC48-4869-BACB-CFD0AC65AEB1}.Debug|Any CPU.ActiveCfg = Debug|Any CPU
		{190EB343-BC48-4869-BACB-CFD0AC65AEB1}.Debug|Any CPU.Build.0 = Debug|Any CPU
		{190EB343-BC48-4869-BACB-CFD0AC65AEB1}.Release|Any CPU.ActiveCfg = Release|Any CPU
		{190EB343-BC48-4869-BACB-CFD0AC65AEB1}.Release|Any CPU.Build.0 = Release|Any CPU
	EndGlobalSection
	GlobalSection(SolutionProperties) = preSolution
		HideSolutionNode = FALSE
	EndGlobalSection
	GlobalSection(ExtensibilityGlobals) = postSolution
		SolutionGuid = {0906C068-2175-4CD7-927A-FDB24F6C8A89}
	EndGlobalSection
EndGlobal
